
Microsoft Visual Studio Solution File, Format Version 11.00
# Visual Studio 2010
Project("{2150E333-8FDC-42A3-9474-1A3956D46DE8}") = "Solution Items", "Solution Items", "{73CC152F-19D0-4450-83D8-E066A6F7C9E1}"
	ProjectSection(SolutionItems) = preProject
		GitExtTest1.vsmdi = GitExtTest1.vsmdi
		Local.testsettings = Local.testsettings
		TraceAndTestImpact.testsettings = TraceAndTestImpact.testsettings
	EndProjectSection
EndProject
Project("{E24C65DC-7377-472B-9ABA-BC803B73C61A}") = "Restaurant", "Restaurant", "{10450DDF-FAE2-4EAE-BA6D-41C01280422C}"
	ProjectSection(WebsiteProperties) = preProject
		TargetFrameworkMoniker = ".NETFramework,Version%3Dv4.0"
		Debug.AspNetCompiler.VirtualPath = "/Restaurant"
		Debug.AspNetCompiler.PhysicalPath = "Restaurant\"
		Debug.AspNetCompiler.TargetPath = "PrecompiledWeb\Restaurant\"
		Debug.AspNetCompiler.Updateable = "true"
		Debug.AspNetCompiler.ForceOverwrite = "true"
		Debug.AspNetCompiler.FixedNames = "false"
		Debug.AspNetCompiler.Debug = "True"
		Release.AspNetCompiler.VirtualPath = "/Restaurant"
		Release.AspNetCompiler.PhysicalPath = "Restaurant\"
		Release.AspNetCompiler.TargetPath = "PrecompiledWeb\Restaurant\"
		Release.AspNetCompiler.Updateable = "true"
		Release.AspNetCompiler.ForceOverwrite = "true"
		Release.AspNetCompiler.FixedNames = "false"
		Release.AspNetCompiler.Debug = "False"
		VWDPort = "2151"
	EndProjectSection
EndProject
Project("{FAE04EC0-301F-11D3-BF4B-00C04F79EFBC}") = "RestaurantApp", "BusinessTier\RestaurantApp.csproj", "{8D042685-9266-4526-A138-C779210DC09C}"
	ProjectSection(ProjectDependencies) = postProject
		{275A1E78-6F8F-45C2-BA6E-40084A03605F} = {275A1E78-6F8F-45C2-BA6E-40084A03605F}
	EndProjectSection
EndProject
Project("{FAE04EC0-301F-11D3-BF4B-00C04F79EFBC}") = "PersistData", "PersistData\PersistData.csproj", "{275A1E78-6F8F-45C2-BA6E-40084A03605F}"
EndProject
Project("{FAE04EC0-301F-11D3-BF4B-00C04F79EFBC}") = "TestProject_Persist", "TestProject_Persist\TestProject_Persist.csproj", "{57A6A2B8-5F70-48F1-AB27-E7DA214CA708}"
EndProject
Global
	GlobalSection(TestCaseManagementSettings) = postSolution
		CategoryFile = GitExtTest1.vsmdi
	EndGlobalSection
	GlobalSection(SolutionConfigurationPlatforms) = preSolution
		Debug|Any CPU = Debug|Any CPU
		Release|Any CPU = Release|Any CPU
	EndGlobalSection
	GlobalSection(ProjectConfigurationPlatforms) = postSolution
		{10450DDF-FAE2-4EAE-BA6D-41C01280422C}.Debug|Any CPU.ActiveCfg = Debug|Any CPU
		{10450DDF-FAE2-4EAE-BA6D-41C01280422C}.Debug|Any CPU.Build.0 = Debug|Any CPU
		{10450DDF-FAE2-4EAE-BA6D-41C01280422C}.Release|Any CPU.ActiveCfg = Debug|Any CPU
		{10450DDF-FAE2-4EAE-BA6D-41C01280422C}.Release|Any CPU.Build.0 = Debug|Any CPU
		{8D042685-9266-4526-A138-C779210DC09C}.Debug|Any CPU.ActiveCfg = Debug|Any CPU
		{8D042685-9266-4526-A138-C779210DC09C}.Debug|Any CPU.Build.0 = Debug|Any CPU
		{8D042685-9266-4526-A138-C779210DC09C}.Release|Any CPU.ActiveCfg = Release|Any CPU
		{8D042685-9266-4526-A138-C779210DC09C}.Release|Any CPU.Build.0 = Release|Any CPU
		{275A1E78-6F8F-45C2-BA6E-40084A03605F}.Debug|Any CPU.ActiveCfg = Debug|Any CPU
		{275A1E78-6F8F-45C2-BA6E-40084A03605F}.Debug|Any CPU.Build.0 = Debug|Any CPU
		{275A1E78-6F8F-45C2-BA6E-40084A03605F}.Release|Any CPU.ActiveCfg = Release|Any CPU
		{275A1E78-6F8F-45C2-BA6E-40084A03605F}.Release|Any CPU.Build.0 = Release|Any CPU
		{57A6A2B8-5F70-48F1-AB27-E7DA214CA708}.Debug|Any CPU.ActiveCfg = Debug|Any CPU
		{57A6A2B8-5F70-48F1-AB27-E7DA214CA708}.Debug|Any CPU.Build.0 = Debug|Any CPU
		{57A6A2B8-5F70-48F1-AB27-E7DA214CA708}.Release|Any CPU.ActiveCfg = Release|Any CPU
		{57A6A2B8-5F70-48F1-AB27-E7DA214CA708}.Release|Any CPU.Build.0 = Release|Any CPU
	EndGlobalSection
	GlobalSection(SolutionProperties) = preSolution
		HideSolutionNode = FALSE
	EndGlobalSection
EndGlobal
